
Microsoft Visual Studio Solution File, Format Version 12.00
# Visual Studio Version 16
VisualStudioVersion = 16.0.31321.278
MinimumVisualStudioVersion = 10.0.40219.1
Project("{FAE04EC0-301F-11D3-BF4B-00C04F79EFBC}") = "GalleryWebApp", "GalleryWebApp\GalleryWebApp.csproj", "{18400EC8-163B-4919-AE7C-D0A7140DF686}"
EndProject
Global
	GlobalSection(SolutionConfigurationPlatforms) = preSolution
		Debug|Any CPU = Debug|Any CPU
		Release|Any CPU = Release|Any CPU
	EndGlobalSection
	GlobalSection(ProjectConfigurationPlatforms) = postSolution
		{18400EC8-163B-4919-AE7C-D0A7140DF686}.Debug|Any CPU.ActiveCfg = Debug|Any CPU
		{18400EC8-163B-4919-AE7C-D0A7140DF686}.Debug|Any CPU.Build.0 = Debug|Any CPU
		{18400EC8-163B-4919-AE7C-D0A7140DF686}.Release|Any CPU.ActiveCfg = Release|Any CPU
		{18400EC8-163B-4919-AE7C-D0A7140DF686}.Release|Any CPU.Build.0 = Release|Any CPU
	EndGlobalSection
	GlobalSection(SolutionProperties) = preSolution
		HideSolutionNode = FALSE
	EndGlobalSection
	GlobalSection(ExtensibilityGlobals) = postSolution
		SolutionGuid = {195B4352-C0E8-4A38-9A0F-34E5A537A9AB}
	EndGlobalSection
EndGlobal
